
Microsoft Visual Studio Solution File, Format Version 12.00
# Visual Studio Version 16
VisualStudioVersion = 16.0.31105.61
MinimumVisualStudioVersion = 10.0.40219.1
Project("{FAE04EC0-301F-11D3-BF4B-00C04F79EFBC}") = "WeatheriumApp.Android", "WeatheriumApp.Android\WeatheriumApp.Android.csproj", "{8BB163A5-E646-4F54-8DFC-EC36FEF01BEC}"
EndProject
Project("{FAE04EC0-301F-11D3-BF4B-00C04F79EFBC}") = "WeatheriumApp.iOS", "WeatheriumApp.iOS\WeatheriumApp.iOS.csproj", "{31619F4F-C6B6-4059-B017-49D26B9364E2}"
EndProject
Project("{FAE04EC0-301F-11D3-BF4B-00C04F79EFBC}") = "WeatheriumApp", "WeatheriumApp\WeatheriumApp.csproj", "{4FDEC69E-2464-44BE-8E6F-BC86B7FF7F7F}"
EndProject
Global
	GlobalSection(SolutionConfigurationPlatforms) = preSolution
		Debug|Any CPU = Debug|Any CPU
		Debug|iPhone = Debug|iPhone
		Debug|iPhoneSimulator = Debug|iPhoneSimulator
		Release|Any CPU = Release|Any CPU
		Release|iPhone = Release|iPhone
		Release|iPhoneSimulator = Release|iPhoneSimulator
	EndGlobalSection
	GlobalSection(ProjectConfigurationPlatforms) = postSolution
		{8BB163A5-E646-4F54-8DFC-EC36FEF01BEC}.Debug|Any CPU.ActiveCfg = Debug|Any CPU
		{8BB163A5-E646-4F54-8DFC-EC36FEF01BEC}.Debug|Any CPU.Build.0 = Debug|Any CPU
		{8BB163A5-E646-4F54-8DFC-EC36FEF01BEC}.Debug|Any CPU.Deploy.0 = Debug|Any CPU
		{8BB163A5-E646-4F54-8DFC-EC36FEF01BEC}.Debug|iPhone.ActiveCfg = Debug|Any CPU
		{8BB163A5-E646-4F54-8DFC-EC36FEF01BEC}.Debug|iPhone.Build.0 = Debug|Any CPU
		{8BB163A5-E646-4F54-8DFC-EC36FEF01BEC}.Debug|iPhone.Deploy.0 = Debug|Any CPU
		{8BB163A5-E646-4F54-8DFC-EC36FEF01BEC}.Debug|iPhoneSimulator.ActiveCfg = Debug|Any CPU
		{8BB163A5-E646-4F54-8DFC-EC36FEF01BEC}.Debug|iPhoneSimulator.Build.0 = Debug|Any CPU
		{8BB163A5-E646-4F54-8DFC-EC36FEF01BEC}.Debug|iPhoneSimulator.Deploy.0 = Debug|Any CPU
		{8BB163A5-E646-4F54-8DFC-EC36FEF01BEC}.Release|Any CPU.ActiveCfg = Release|Any CPU
		{8BB163A5-E646-4F54-8DFC-EC36FEF01BEC}.Release|Any CPU.Build.0 = Release|Any CPU
		{8BB163A5-E646-4F54-8DFC-EC36FEF01BEC}.Release|Any CPU.Deploy.0 = Release|Any CPU
		{8BB163A5-E646-4F54-8DFC-EC36FEF01BEC}.Release|iPhone.ActiveCfg = Release|Any CPU
		{8BB163A5-E646-4F54-8DFC-EC36FEF01BEC}.Release|iPhone.Build.0 = Release|Any CPU
		{8BB163A5-E646-4F54-8DFC-EC36FEF01BEC}.Release|iPhone.Deploy.0 = Release|Any CPU
		{8BB163A5-E646-4F54-8DFC-EC36FEF01BEC}.Release|iPhoneSimulator.ActiveCfg = Release|Any CPU
		{8BB163A5-E646-4F54-8DFC-EC36FEF01BEC}.Release|iPhoneSimulator.Build.0 = Release|Any CPU
		{8BB163A5-E646-4F54-8DFC-EC36FEF01BEC}.Release|iPhoneSimulator.Deploy.0 = Release|Any CPU
		{31619F4F-C6B6-4059-B017-49D26B9364E2}.Debug|Any CPU.ActiveCfg = Debug|iPhone
		{31619F4F-C6B6-4059-B017-49D26B9364E2}.Debug|Any CPU.Build.0 = Debug|iPhone
		{31619F4F-C6B6-4059-B017-49D26B9364E2}.Debug|Any CPU.Deploy.0 = Debug|iPhone
		{31619F4F-C6B6-4059-B017-49D26B9364E2}.Debug|iPhone.ActiveCfg = Debug|iPhone
		{31619F4F-C6B6-4059-B017-49D26B9364E2}.Debug|iPhone.Build.0 = Debug|iPhone
		{31619F4F-C6B6-4059-B017-49D26B9364E2}.Debug|iPhone.Deploy.0 = Debug|iPhone
		{31619F4F-C6B6-4059-B017-49D26B9364E2}.Debug|iPhoneSimulator.ActiveCfg = Debug|iPhoneSimulator
		{31619F4F-C6B6-4059-B017-49D26B9364E2}.Debug|iPhoneSimulator.Build.0 = Debug|iPhoneSimulator
		{31619F4F-C6B6-4059-B017-49D26B9364E2}.Debug|iPhoneSimulator.Deploy.0 = Debug|iPhoneSimulator
		{31619F4F-C6B6-4059-B017-49D26B9364E2}.Release|Any CPU.ActiveCfg = Release|iPhoneSimulator
		{31619F4F-C6B6-4059-B017-49D26B9364E2}.Release|Any CPU.Build.0 = Release|iPhoneSimulator
		{31619F4F-C6B6-4059-B017-49D26B9364E2}.Release|Any CPU.Deploy.0 = Release|iPhoneSimulator
		{31619F4F-C6B6-4059-B017-49D26B9364E2}.Release|iPhone.ActiveCfg = Release|iPhone
		{31619F4F-C6B6-4059-B017-49D26B9364E2}.Release|iPhone.Build.0 = Release|iPhone
		{31619F4F-C6B6-4059-B017-49D26B9364E2}.Release|iPhone.Deploy.0 = Release|iPhone
		{31619F4F-C6B6-4059-B017-49D26B9364E2}.Release|iPhoneSimulator.ActiveCfg = Release|iPhoneSimulator
		{31619F4F-C6B6-4059-B017-49D26B9364E2}.Release|iPhoneSimulator.Build.0 = Release|iPhoneSimulator
		{31619F4F-C6B6-4059-B017-49D26B9364E2}.Release|iPhoneSimulator.Deploy.0 = Release|iPhoneSimulator
		{4FDEC69E-2464-44BE-8E6F-BC86B7FF7F7F}.Debug|Any CPU.ActiveCfg = Debug|Any CPU
		{4FDEC69E-2464-44BE-8E6F-BC86B7FF7F7F}.Debug|Any CPU.Build.0 = Debug|Any CPU
		{4FDEC69E-2464-44BE-8E6F-BC86B7FF7F7F}.Debug|Any CPU.Deploy.0 = Debug|Any CPU
		{4FDEC69E-2464-44BE-8E6F-BC86B7FF7F7F}.Debug|iPhone.ActiveCfg = Debug|Any CPU
		{4FDEC69E-2464-44BE-8E6F-BC86B7FF7F7F}.Debug|iPhone.Build.0 = Debug|Any CPU
		{4FDEC69E-2464-44BE-8E6F-BC86B7FF7F7F}.Debug|iPhone.Deploy.0 = Debug|Any CPU
		{4FDEC69E-2464-44BE-8E6F-BC86B7FF7F7F}.Debug|iPhoneSimulator.ActiveCfg = Debug|Any CPU
		{4FDEC69E-2464-44BE-8E6F-BC86B7FF7F7F}.Debug|iPhoneSimulator.Build.0 = Debug|Any CPU
		{4FDEC69E-2464-44BE-8E6F-BC86B7FF7F7F}.Debug|iPhoneSimulator.Deploy.0 = Debug|Any CPU
		{4FDEC69E-2464-44BE-8E6F-BC86B7FF7F7F}.Release|Any CPU.ActiveCfg = Release|Any CPU
		{4FDEC69E-2464-44BE-8E6F-BC86B7FF7F7F}.Release|Any CPU.Build.0 = Release|Any CPU
		{4FDEC69E-2464-44BE-8E6F-BC86B7FF7F7F}.Release|Any CPU.Deploy.0 = Release|Any CPU
		{4FDEC69E-2464-44BE-8E6F-BC86B7FF7F7F}.Release|iPhone.ActiveCfg = Release|Any CPU
		{4FDEC69E-2464-44BE-8E6F-BC86B7FF7F7F}.Release|iPhone.Build.0 = Release|Any CPU
		{4FDEC69E-2464-44BE-8E6F-BC86B7FF7F7F}.Release|iPhone.Deploy.0 = Release|Any CPU
		{4FDEC69E-2464-44BE-8E6F-BC86B7FF7F7F}.Release|iPhoneSimulator.ActiveCfg = Release|Any CPU
		{4FDEC69E-2464-44BE-8E6F-BC86B7FF7F7F}.Release|iPhoneSimulator.Build.0 = Release|Any CPU
		{4FDEC69E-2464-44BE-8E6F-BC86B7FF7F7F}.Release|iPhoneSimulator.Deploy.0 = Release|Any CPU
	EndGlobalSection
	GlobalSection(SolutionProperties) = preSolution
		HideSolutionNode = FALSE
	EndGlobalSection
	GlobalSection(ExtensibilityGlobals) = postSolution
		SolutionGuid = {5DC680D4-B7B1-43AE-9056-E35F9B889DE0}
	EndGlobalSection
EndGlobal
